{
  "name": "gallery",
  "version": "0.0.0",
  "lockfileVersion": 1,
  "requires": true,
  "dependencies": {
    "@types/three": {
      "version": "0.131.1",
      "resolved": "https://registry.npmjs.org/@types/three/-/three-0.131.1.tgz",
      "integrity": "sha512-unnjsolcm7R90e4XK9qMq4JYEzly0XQNa0pG8RAOMZeVzj3FLIFPymAYUx4Osz0gY9jFZz8omIQplqiieEE7gw==",
      "dev": true
    },
    "three": {
      "version": "0.132.2",
      "resolved": "https://registry.npmjs.org/three/-/three-0.132.2.tgz",
      "integrity": "sha512-0wcR7LxxkXMn6Gi58gEs3QvY8WpTVXA31L2VOvpjm4ZPYFRHCZC13UqynheFoS5OXDYgtBneN0dhbaNBE8iLhQ=="
    }
  }
}
